
Microsoft Visual Studio Solution File, Format Version 12.00
# Visual Studio Version 16
VisualStudioVersion = 16.0.29102.190
MinimumVisualStudioVersion = 10.0.40219.1
Project("{888888A0-9F3D-457C-B088-3A5042F75D52}") = "handwriting-classifier", "handwriting-classifier\handwriting-classifier.pyproj", "{3B465B42-7450-48B0-B165-1F6B6AC178E3}"
EndProject
Global
	GlobalSection(SolutionConfigurationPlatforms) = preSolution
		Debug|Any CPU = Debug|Any CPU
		Release|Any CPU = Release|Any CPU
	EndGlobalSection
	GlobalSection(ProjectConfigurationPlatforms) = postSolution
		{3B465B42-7450-48B0-B165-1F6B6AC178E3}.Debug|Any CPU.ActiveCfg = Debug|Any CPU
		{3B465B42-7450-48B0-B165-1F6B6AC178E3}.Debug|Any CPU.Build.0 = Debug|Any CPU
		{3B465B42-7450-48B0-B165-1F6B6AC178E3}.Release|Any CPU.ActiveCfg = Release|Any CPU
		{3B465B42-7450-48B0-B165-1F6B6AC178E3}.Release|Any CPU.Build.0 = Release|Any CPU
	EndGlobalSection
	GlobalSection(SolutionProperties) = preSolution
		HideSolutionNode = FALSE
	EndGlobalSection
	GlobalSection(ExtensibilityGlobals) = postSolution
		SolutionGuid = {46004699-BA36-4B4C-8817-7433FDE5C0F2}
	EndGlobalSection
EndGlobal
