
Microsoft Visual Studio Solution File, Format Version 12.00
# Visual Studio Version 16
VisualStudioVersion = 16.0.29102.190
MinimumVisualStudioVersion = 10.0.40219.1
Project("{888888A0-9F3D-457C-B088-3A5042F75D52}") = "HandwritingIdentifier", "HandwritingIdentifier\HandwritingIdentifier.pyproj", "{86C940FD-183B-4D03-A29D-DA40835CC050}"
EndProject
Global
	GlobalSection(SolutionConfigurationPlatforms) = preSolution
		Debug|Any CPU = Debug|Any CPU
		Release|Any CPU = Release|Any CPU
	EndGlobalSection
	GlobalSection(ProjectConfigurationPlatforms) = postSolution
		{86C940FD-183B-4D03-A29D-DA40835CC050}.Debug|Any CPU.ActiveCfg = Debug|Any CPU
		{86C940FD-183B-4D03-A29D-DA40835CC050}.Debug|Any CPU.Build.0 = Debug|Any CPU
		{86C940FD-183B-4D03-A29D-DA40835CC050}.Release|Any CPU.ActiveCfg = Release|Any CPU
		{86C940FD-183B-4D03-A29D-DA40835CC050}.Release|Any CPU.Build.0 = Release|Any CPU
	EndGlobalSection
	GlobalSection(SolutionProperties) = preSolution
		HideSolutionNode = FALSE
	EndGlobalSection
	GlobalSection(ExtensibilityGlobals) = postSolution
		SolutionGuid = {B9BFDE7E-C436-4DF8-8D59-885AE6FF3900}
	EndGlobalSection
EndGlobal
