
Microsoft Visual Studio Solution File, Format Version 12.00
# Visual Studio Version 16
VisualStudioVersion = 16.0.29102.190
MinimumVisualStudioVersion = 10.0.40219.1
Project("{888888A0-9F3D-457C-B088-3A5042F75D52}") = "text_from_image", "text_from_image\text_from_image.pyproj", "{14285D95-AE43-435D-A09B-39B835E15CC1}"
EndProject
Global
	GlobalSection(SolutionConfigurationPlatforms) = preSolution
		Debug|Any CPU = Debug|Any CPU
		Release|Any CPU = Release|Any CPU
	EndGlobalSection
	GlobalSection(ProjectConfigurationPlatforms) = postSolution
		{14285D95-AE43-435D-A09B-39B835E15CC1}.Debug|Any CPU.ActiveCfg = Debug|Any CPU
		{14285D95-AE43-435D-A09B-39B835E15CC1}.Release|Any CPU.ActiveCfg = Release|Any CPU
	EndGlobalSection
	GlobalSection(SolutionProperties) = preSolution
		HideSolutionNode = FALSE
	EndGlobalSection
	GlobalSection(ExtensibilityGlobals) = postSolution
		SolutionGuid = {9EF4D488-3D06-40B0-A457-B1F93AE1118D}
	EndGlobalSection
EndGlobal
