
Microsoft Visual Studio Solution File, Format Version 12.00
# Visual Studio Version 16
VisualStudioVersion = 16.0.29102.190
MinimumVisualStudioVersion = 10.0.40219.1
Project("{888888A0-9F3D-457C-B088-3A5042F75D52}") = "imagecombiner", "testoutput\imagecombiner.pyproj", "{EF75FBD8-69BC-4FDD-979B-3D0C25D9E554}"
EndProject
Global
	GlobalSection(SolutionConfigurationPlatforms) = preSolution
		Debug|Any CPU = Debug|Any CPU
		Release|Any CPU = Release|Any CPU
	EndGlobalSection
	GlobalSection(ProjectConfigurationPlatforms) = postSolution
		{EF75FBD8-69BC-4FDD-979B-3D0C25D9E554}.Debug|Any CPU.ActiveCfg = Debug|Any CPU
		{EF75FBD8-69BC-4FDD-979B-3D0C25D9E554}.Release|Any CPU.ActiveCfg = Release|Any CPU
	EndGlobalSection
	GlobalSection(SolutionProperties) = preSolution
		HideSolutionNode = FALSE
	EndGlobalSection
	GlobalSection(ExtensibilityGlobals) = postSolution
		SolutionGuid = {60732742-B494-40B0-97D4-A2287822716D}
	EndGlobalSection
EndGlobal
